// !$*UTF8*$!
{
	archiveVersion = 1;
	classes = {
	};
	objectVersion = 52;
	objects = {

/* Begin PBXBuildFile section */
		70823340250DB76A00370066 /* AppDelegate.swift in Sources */ = {isa = PBXBuildFile; fileRef = 7082333F250DB76A00370066 /* AppDelegate.swift */; };
		70823342250DB76A00370066 /* SceneDelegate.swift in Sources */ = {isa = PBXBuildFile; fileRef = 70823341250DB76A00370066 /* SceneDelegate.swift */; };
		70823345250DB76A00370066 /* CatalogZurich.xcdatamodeld in Sources */ = {isa = PBXBuildFile; fileRef = 70823343250DB76A00370066 /* CatalogZurich.xcdatamodeld */; };
		70823347250DB76A00370066 /* ContentView.swift in Sources */ = {isa = PBXBuildFile; fileRef = 70823346250DB76A00370066 /* ContentView.swift */; };
		70823349250DB77500370066 /* Assets.xcassets in Resources */ = {isa = PBXBuildFile; fileRef = 70823348250DB77500370066 /* Assets.xcassets */; };
		7082334C250DB77500370066 /* Preview Assets.xcassets in Resources */ = {isa = PBXBuildFile; fileRef = 7082334B250DB77500370066 /* Preview Assets.xcassets */; };
		7082334F250DB77500370066 /* LaunchScreen.storyboard in Resources */ = {isa = PBXBuildFile; fileRef = 7082334D250DB77500370066 /* LaunchScreen.storyboard */; };
		7082335A250DB77600370066 /* CatalogZurichTests.swift in Sources */ = {isa = PBXBuildFile; fileRef = 70823359250DB77600370066 /* CatalogZurichTests.swift */; };
		70823365250DB77600370066 /* CatalogZurichUITests.swift in Sources */ = {isa = PBXBuildFile; fileRef = 70823364250DB77600370066 /* CatalogZurichUITests.swift */; };
		70823374250DB93900370066 /* Lottie in Frameworks */ = {isa = PBXBuildFile; productRef = 70823373250DB93900370066 /* Lottie */; };
		70823376250DB96C00370066 /* Raffina.ttf in Resources */ = {isa = PBXBuildFile; fileRef = 70823375250DB96C00370066 /* Raffina.ttf */; };
		70823377250DB96C00370066 /* Raffina.ttf in Resources */ = {isa = PBXBuildFile; fileRef = 70823375250DB96C00370066 /* Raffina.ttf */; };
		70823378250DB96C00370066 /* Raffina.ttf in Resources */ = {isa = PBXBuildFile; fileRef = 70823375250DB96C00370066 /* Raffina.ttf */; };
		7082337A250DBB6400370066 /* LottieDosi.swift in Sources */ = {isa = PBXBuildFile; fileRef = 70823379250DBB6300370066 /* LottieDosi.swift */; };
		7082337B250DBB6400370066 /* LottieDosi.swift in Sources */ = {isa = PBXBuildFile; fileRef = 70823379250DBB6300370066 /* LottieDosi.swift */; };
		7082337C250DBB6400370066 /* LottieDosi.swift in Sources */ = {isa = PBXBuildFile; fileRef = 70823379250DBB6300370066 /* LottieDosi.swift */; };
		7082337E250DBCAA00370066 /* a567.json in Resources */ = {isa = PBXBuildFile; fileRef = 7082337D250DBCA900370066 /* a567.json */; };
		7082337F250DBCAA00370066 /* a567.json in Resources */ = {isa = PBXBuildFile; fileRef = 7082337D250DBCA900370066 /* a567.json */; };
		70823380250DBCAA00370066 /* a567.json in Resources */ = {isa = PBXBuildFile; fileRef = 7082337D250DBCA900370066 /* a567.json */; };
		70823386250DBCC500370066 /* 6789.json in Resources */ = {isa = PBXBuildFile; fileRef = 70823385250DBCC500370066 /* 6789.json */; };
		70823387250DBCC500370066 /* 6789.json in Resources */ = {isa = PBXBuildFile; fileRef = 70823385250DBCC500370066 /* 6789.json */; };
		70823388250DBCC500370066 /* 6789.json in Resources */ = {isa = PBXBuildFile; fileRef = 70823385250DBCC500370066 /* 6789.json */; };
		7082338A250DBCD400370066 /* 12345.json in Resources */ = {isa = PBXBuildFile; fileRef = 70823389250DBCD400370066 /* 12345.json */; };
		7082338B250DBCD400370066 /* 12345.json in Resources */ = {isa = PBXBuildFile; fileRef = 70823389250DBCD400370066 /* 12345.json */; };
		7082338C250DBCD400370066 /* 12345.json in Resources */ = {isa = PBXBuildFile; fileRef = 70823389250DBCD400370066 /* 12345.json */; };
		70823393250DD08D00370066 /* Tab10.swift in Sources */ = {isa = PBXBuildFile; fileRef = 70823392250DD08C00370066 /* Tab10.swift */; };
		70823394250DD08D00370066 /* Tab10.swift in Sources */ = {isa = PBXBuildFile; fileRef = 70823392250DD08C00370066 /* Tab10.swift */; };
		70823395250DD08D00370066 /* Tab10.swift in Sources */ = {isa = PBXBuildFile; fileRef = 70823392250DD08C00370066 /* Tab10.swift */; };
		7082339E250DD0B000370066 /* Tab10Card.swift in Sources */ = {isa = PBXBuildFile; fileRef = 70823396250DD0AF00370066 /* Tab10Card.swift */; };
		7082339F250DD0B000370066 /* Tab10Card.swift in Sources */ = {isa = PBXBuildFile; fileRef = 70823396250DD0AF00370066 /* Tab10Card.swift */; };
		708233A0250DD0B000370066 /* Tab10Card.swift in Sources */ = {isa = PBXBuildFile; fileRef = 70823396250DD0AF00370066 /* Tab10Card.swift */; };
		708233A1250DD0B000370066 /* Tab10Pro.swift in Sources */ = {isa = PBXBuildFile; fileRef = 70823397250DD0AF00370066 /* Tab10Pro.swift */; };
		708233A2250DD0B000370066 /* Tab10Pro.swift in Sources */ = {isa = PBXBuildFile; fileRef = 70823397250DD0AF00370066 /* Tab10Pro.swift */; };
		708233A3250DD0B000370066 /* Tab10Pro.swift in Sources */ = {isa = PBXBuildFile; fileRef = 70823397250DD0AF00370066 /* Tab10Pro.swift */; };
		708233A4250DD0B000370066 /* Tab10Sheet.swift in Sources */ = {isa = PBXBuildFile; fileRef = 70823398250DD0AF00370066 /* Tab10Sheet.swift */; };
		708233A5250DD0B000370066 /* Tab10Sheet.swift in Sources */ = {isa = PBXBuildFile; fileRef = 70823398250DD0AF00370066 /* Tab10Sheet.swift */; };
		708233A6250DD0B000370066 /* Tab10Sheet.swift in Sources */ = {isa = PBXBuildFile; fileRef = 70823398250DD0AF00370066 /* Tab10Sheet.swift */; };
		708233A7250DD0B000370066 /* Tab10Button.swift in Sources */ = {isa = PBXBuildFile; fileRef = 70823399250DD0AF00370066 /* Tab10Button.swift */; };
		708233A8250DD0B000370066 /* Tab10Button.swift in Sources */ = {isa = PBXBuildFile; fileRef = 70823399250DD0AF00370066 /* Tab10Button.swift */; };
		708233A9250DD0B000370066 /* Tab10Button.swift in Sources */ = {isa = PBXBuildFile; fileRef = 70823399250DD0AF00370066 /* Tab10Button.swift */; };
		708233AA250DD0B000370066 /* Tab10Doza.swift in Sources */ = {isa = PBXBuildFile; fileRef = 7082339A250DD0AF00370066 /* Tab10Doza.swift */; };
		708233AB250DD0B000370066 /* Tab10Doza.swift in Sources */ = {isa = PBXBuildFile; fileRef = 7082339A250DD0AF00370066 /* Tab10Doza.swift */; };
		708233AC250DD0B000370066 /* Tab10Doza.swift in Sources */ = {isa = PBXBuildFile; fileRef = 7082339A250DD0AF00370066 /* Tab10Doza.swift */; };
		708233AD250DD0B000370066 /* Tab10CardCalculator.swift in Sources */ = {isa = PBXBuildFile; fileRef = 7082339B250DD0AF00370066 /* Tab10CardCalculator.swift */; };
		708233AE250DD0B000370066 /* Tab10CardCalculator.swift in Sources */ = {isa = PBXBuildFile; fileRef = 7082339B250DD0AF00370066 /* Tab10CardCalculator.swift */; };
		708233AF250DD0B000370066 /* Tab10CardCalculator.swift in Sources */ = {isa = PBXBuildFile; fileRef = 7082339B250DD0AF00370066 /* Tab10CardCalculator.swift */; };
		708233B0250DD0B000370066 /* Tab10List01.swift in Sources */ = {isa = PBXBuildFile; fileRef = 7082339C250DD0B000370066 /* Tab10List01.swift */; };
		708233B1250DD0B000370066 /* Tab10List01.swift in Sources */ = {isa = PBXBuildFile; fileRef = 7082339C250DD0B000370066 /* Tab10List01.swift */; };
		708233B2250DD0B000370066 /* Tab10List01.swift in Sources */ = {isa = PBXBuildFile; fileRef = 7082339C250DD0B000370066 /* Tab10List01.swift */; };
		708233B3250DD0B000370066 /* Tab10List02.swift in Sources */ = {isa = PBXBuildFile; fileRef = 7082339D250DD0B000370066 /* Tab10List02.swift */; };
		708233B4250DD0B000370066 /* Tab10List02.swift in Sources */ = {isa = PBXBuildFile; fileRef = 7082339D250DD0B000370066 /* Tab10List02.swift */; };
		708233B5250DD0B000370066 /* Tab10List02.swift in Sources */ = {isa = PBXBuildFile; fileRef = 7082339D250DD0B000370066 /* Tab10List02.swift */; };
		708233BA250DD0C100370066 /* Tab10DozaNew.swift in Sources */ = {isa = PBXBuildFile; fileRef = 708233B6250DD0C000370066 /* Tab10DozaNew.swift */; };
		708233BB250DD0C100370066 /* Tab10DozaNew.swift in Sources */ = {isa = PBXBuildFile; fileRef = 708233B6250DD0C000370066 /* Tab10DozaNew.swift */; };
		708233BC250DD0C100370066 /* Tab10DozaNew.swift in Sources */ = {isa = PBXBuildFile; fileRef = 708233B6250DD0C000370066 /* Tab10DozaNew.swift */; };
		708233BD250DD0C100370066 /* Tab10List00.swift in Sources */ = {isa = PBXBuildFile; fileRef = 708233B7250DD0C100370066 /* Tab10List00.swift */; };
		708233BE250DD0C100370066 /* Tab10List00.swift in Sources */ = {isa = PBXBuildFile; fileRef = 708233B7250DD0C100370066 /* Tab10List00.swift */; };
		708233BF250DD0C100370066 /* Tab10List00.swift in Sources */ = {isa = PBXBuildFile; fileRef = 708233B7250DD0C100370066 /* Tab10List00.swift */; };
		708233C0250DD0C100370066 /* Tab10ZStackSheet.swift in Sources */ = {isa = PBXBuildFile; fileRef = 708233B8250DD0C100370066 /* Tab10ZStackSheet.swift */; };
		708233C1250DD0C100370066 /* Tab10ZStackSheet.swift in Sources */ = {isa = PBXBuildFile; fileRef = 708233B8250DD0C100370066 /* Tab10ZStackSheet.swift */; };
		708233C2250DD0C100370066 /* Tab10ZStackSheet.swift in Sources */ = {isa = PBXBuildFile; fileRef = 708233B8250DD0C100370066 /* Tab10ZStackSheet.swift */; };
		708233C3250DD0C100370066 /* Tab10SheetOnButton.swift in Sources */ = {isa = PBXBuildFile; fileRef = 708233B9250DD0C100370066 /* Tab10SheetOnButton.swift */; };
		708233C4250DD0C100370066 /* Tab10SheetOnButton.swift in Sources */ = {isa = PBXBuildFile; fileRef = 708233B9250DD0C100370066 /* Tab10SheetOnButton.swift */; };
		708233C5250DD0C100370066 /* Tab10SheetOnButton.swift in Sources */ = {isa = PBXBuildFile; fileRef = 708233B9250DD0C100370066 /* Tab10SheetOnButton.swift */; };
		708233C7250DD14E00370066 /* Model.swift in Sources */ = {isa = PBXBuildFile; fileRef = 708233C6250DD14E00370066 /* Model.swift */; };
		708233C8250DD14E00370066 /* Model.swift in Sources */ = {isa = PBXBuildFile; fileRef = 708233C6250DD14E00370066 /* Model.swift */; };
		708233C9250DD14E00370066 /* Model.swift in Sources */ = {isa = PBXBuildFile; fileRef = 708233C6250DD14E00370066 /* Model.swift */; };
/* End PBXBuildFile section */

/* Begin PBXContainerItemProxy section */
		70823356250DB77600370066 /* PBXContainerItemProxy */ = {
			isa = PBXContainerItemProxy;
			containerPortal = 70823334250DB76A00370066 /* Project object */;
			proxyType = 1;
			remoteGlobalIDString = 7082333B250DB76A00370066;
			remoteInfo = CatalogZurich;
		};
		70823361250DB77600370066 /* PBXContainerItemProxy */ = {
			isa = PBXContainerItemProxy;
			containerPortal = 70823334250DB76A00370066 /* Project object */;
			proxyType = 1;
			remoteGlobalIDString = 7082333B250DB76A00370066;
			remoteInfo = CatalogZurich;
		};
/* End PBXContainerItemProxy section */

/* Begin PBXFileReference section */
		7082333C250DB76A00370066 /* CatalogZurich.app */ = {isa = PBXFileReference; explicitFileType = wrapper.application; includeInIndex = 0; path = CatalogZurich.app; sourceTree = BUILT_PRODUCTS_DIR; };
		7082333F250DB76A00370066 /* AppDelegate.swift */ = {isa = PBXFileReference; lastKnownFileType = sourcecode.swift; path = AppDelegate.swift; sourceTree = "<group>"; };
		70823341250DB76A00370066 /* SceneDelegate.swift */ = {isa = PBXFileReference; lastKnownFileType = sourcecode.swift; path = SceneDelegate.swift; sourceTree = "<group>"; };
		70823344250DB76A00370066 /* CatalogZurich.xcdatamodel */ = {isa = PBXFileReference; lastKnownFileType = wrapper.xcdatamodel; path = CatalogZurich.xcdatamodel; sourceTree = "<group>"; };
		70823346250DB76A00370066 /* ContentView.swift */ = {isa = PBXFileReference; lastKnownFileType = sourcecode.swift; path = ContentView.swift; sourceTree = "<group>"; };
		70823348250DB77500370066 /* Assets.xcassets */ = {isa = PBXFileReference; lastKnownFileType = folder.assetcatalog; path = Assets.xcassets; sourceTree = "<group>"; };
		7082334B250DB77500370066 /* Preview Assets.xcassets */ = {isa = PBXFileReference; lastKnownFileType = folder.assetcatalog; path = "Preview Assets.xcassets"; sourceTree = "<group>"; };
		7082334E250DB77500370066 /* Base */ = {isa = PBXFileReference; lastKnownFileType = file.storyboard; name = Base; path = Base.lproj/LaunchScreen.storyboard; sourceTree = "<group>"; };
		70823350250DB77500370066 /* Info.plist */ = {isa = PBXFileReference; lastKnownFileType = text.plist.xml; path = Info.plist; sourceTree = "<group>"; };
		70823355250DB77600370066 /* CatalogZurichTests.xctest */ = {isa = PBXFileReference; explicitFileType = wrapper.cfbundle; includeInIndex = 0; path = CatalogZurichTests.xctest; sourceTree = BUILT_PRODUCTS_DIR; };
		70823359250DB77600370066 /* CatalogZurichTests.swift */ = {isa = PBXFileReference; lastKnownFileType = sourcecode.swift; path = CatalogZurichTests.swift; sourceTree = "<group>"; };
		7082335B250DB77600370066 /* Info.plist */ = {isa = PBXFileReference; lastKnownFileType = text.plist.xml; path = Info.plist; sourceTree = "<group>"; };
		70823360250DB77600370066 /* CatalogZurichUITests.xctest */ = {isa = PBXFileReference; explicitFileType = wrapper.cfbundle; includeInIndex = 0; path = CatalogZurichUITests.xctest; sourceTree = BUILT_PRODUCTS_DIR; };
		70823364250DB77600370066 /* CatalogZurichUITests.swift */ = {isa = PBXFileReference; lastKnownFileType = sourcecode.swift; path = CatalogZurichUITests.swift; sourceTree = "<group>"; };
		70823366250DB77600370066 /* Info.plist */ = {isa = PBXFileReference; lastKnownFileType = text.plist.xml; path = Info.plist; sourceTree = "<group>"; };
		70823375250DB96C00370066 /* Raffina.ttf */ = {isa = PBXFileReference; lastKnownFileType = file; path = Raffina.ttf; sourceTree = "<group>"; };
		70823379250DBB6300370066 /* LottieDosi.swift */ = {isa = PBXFileReference; fileEncoding = 4; lastKnownFileType = sourcecode.swift; path = LottieDosi.swift; sourceTree = "<group>"; };
		7082337D250DBCA900370066 /* a567.json */ = {isa = PBXFileReference; fileEncoding = 4; lastKnownFileType = text.json; path = a567.json; sourceTree = "<group>"; };
		70823385250DBCC500370066 /* 6789.json */ = {isa = PBXFileReference; fileEncoding = 4; lastKnownFileType = text.json; path = 6789.json; sourceTree = "<group>"; };
		70823389250DBCD400370066 /* 12345.json */ = {isa = PBXFileReference; fileEncoding = 4; lastKnownFileType = text.json; path = 12345.json; sourceTree = "<group>"; };
		70823392250DD08C00370066 /* Tab10.swift */ = {isa = PBXFileReference; fileEncoding = 4; lastKnownFileType = sourcecode.swift; path = Tab10.swift; sourceTree = "<group>"; };
		70823396250DD0AF00370066 /* Tab10Card.swift */ = {isa = PBXFileReference; fileEncoding = 4; lastKnownFileType = sourcecode.swift; path = Tab10Card.swift; sourceTree = "<group>"; };
		70823397250DD0AF00370066 /* Tab10Pro.swift */ = {isa = PBXFileReference; fileEncoding = 4; lastKnownFileType = sourcecode.swift; path = Tab10Pro.swift; sourceTree = "<group>"; };
		70823398250DD0AF00370066 /* Tab10Sheet.swift */ = {isa = PBXFileReference; fileEncoding = 4; lastKnownFileType = sourcecode.swift; path = Tab10Sheet.swift; sourceTree = "<group>"; };
		70823399250DD0AF00370066 /* Tab10Button.swift */ = {isa = PBXFileReference; fileEncoding = 4; lastKnownFileType = sourcecode.swift; path = Tab10Button.swift; sourceTree = "<group>"; };
		7082339A250DD0AF00370066 /* Tab10Doza.swift */ = {isa = PBXFileReference; fileEncoding = 4; lastKnownFileType = sourcecode.swift; path = Tab10Doza.swift; sourceTree = "<group>"; };
		7082339B250DD0AF00370066 /* Tab10CardCalculator.swift */ = {isa = PBXFileReference; fileEncoding = 4; lastKnownFileType = sourcecode.swift; path = Tab10CardCalculator.swift; sourceTree = "<group>"; };
		7082339C250DD0B000370066 /* Tab10List01.swift */ = {isa = PBXFileReference; fileEncoding = 4; lastKnownFileType = sourcecode.swift; path = Tab10List01.swift; sourceTree = "<group>"; };
		7082339D250DD0B000370066 /* Tab10List02.swift */ = {isa = PBXFileReference; fileEncoding = 4; lastKnownFileType = sourcecode.swift; path = Tab10List02.swift; sourceTree = "<group>"; };
		708233B6250DD0C000370066 /* Tab10DozaNew.swift */ = {isa = PBXFileReference; fileEncoding = 4; lastKnownFileType = sourcecode.swift; path = Tab10DozaNew.swift; sourceTree = "<group>"; };
		708233B7250DD0C100370066 /* Tab10List00.swift */ = {isa = PBXFileReference; fileEncoding = 4; lastKnownFileType = sourcecode.swift; path = Tab10List00.swift; sourceTree = "<group>"; };
		708233B8250DD0C100370066 /* Tab10ZStackSheet.swift */ = {isa = PBXFileReference; fileEncoding = 4; lastKnownFileType = sourcecode.swift; path = Tab10ZStackSheet.swift; sourceTree = "<group>"; };
		708233B9250DD0C100370066 /* Tab10SheetOnButton.swift */ = {isa = PBXFileReference; fileEncoding = 4; lastKnownFileType = sourcecode.swift; path = Tab10SheetOnButton.swift; sourceTree = "<group>"; };
		708233C6250DD14E00370066 /* Model.swift */ = {isa = PBXFileReference; fileEncoding = 4; lastKnownFileType = sourcecode.swift; path = Model.swift; sourceTree = "<group>"; };
/* End PBXFileReference section */

/* Begin PBXFrameworksBuildPhase section */
		70823339250DB76A00370066 /* Frameworks */ = {
			isa = PBXFrameworksBuildPhase;
			buildActionMask = 2147483647;
			files = (
				70823374250DB93900370066 /* Lottie in Frameworks */,
			);
			runOnlyForDeploymentPostprocessing = 0;
		};
		70823352250DB77600370066 /* Frameworks */ = {
			isa = PBXFrameworksBuildPhase;
			buildActionMask = 2147483647;
			files = (
			);
			runOnlyForDeploymentPostprocessing = 0;
		};
		7082335D250DB77600370066 /* Frameworks */ = {
			isa = PBXFrameworksBuildPhase;
			buildActionMask = 2147483647;
			files = (
			);
			runOnlyForDeploymentPostprocessing = 0;
		};
/* End PBXFrameworksBuildPhase section */

/* Begin PBXGroup section */
		70823333250DB76A00370066 = {
			isa = PBXGroup;
			children = (
				7082333E250DB76A00370066 /* CatalogZurich */,
				70823358250DB77600370066 /* CatalogZurichTests */,
				70823363250DB77600370066 /* CatalogZurichUITests */,
				7082333D250DB76A00370066 /* Products */,
			);
			sourceTree = "<group>";
		};
		7082333D250DB76A00370066 /* Products */ = {
			isa = PBXGroup;
			children = (
				7082333C250DB76A00370066 /* CatalogZurich.app */,
				70823355250DB77600370066 /* CatalogZurichTests.xctest */,
				70823360250DB77600370066 /* CatalogZurichUITests.xctest */,
			);
			name = Products;
			sourceTree = "<group>";
		};
		7082333E250DB76A00370066 /* CatalogZurich */ = {
			isa = PBXGroup;
			children = (
				7082333F250DB76A00370066 /* AppDelegate.swift */,
				70823341250DB76A00370066 /* SceneDelegate.swift */,
				70823346250DB76A00370066 /* ContentView.swift */,
				70823391250DCDD700370066 /* Zurich */,
				70823348250DB77500370066 /* Assets.xcassets */,
				70823379250DBB6300370066 /* LottieDosi.swift */,
				7082338D250DBD2900370066 /* ModelAndJSON */,
				7082334D250DB77500370066 /* LaunchScreen.storyboard */,
				70823350250DB77500370066 /* Info.plist */,
				70823343250DB76A00370066 /* CatalogZurich.xcdatamodeld */,
				7082334A250DB77500370066 /* Preview Content */,
			);
			path = CatalogZurich;
			sourceTree = "<group>";
		};
		7082334A250DB77500370066 /* Preview Content */ = {
			isa = PBXGroup;
			children = (
				7082334B250DB77500370066 /* Preview Assets.xcassets */,
			);
			path = "Preview Content";
			sourceTree = "<group>";
		};
		70823358250DB77600370066 /* CatalogZurichTests */ = {
			isa = PBXGroup;
			children = (
				70823359250DB77600370066 /* CatalogZurichTests.swift */,
				7082335B250DB77600370066 /* Info.plist */,
			);
			path = CatalogZurichTests;
			sourceTree = "<group>";
		};
		70823363250DB77600370066 /* CatalogZurichUITests */ = {
			isa = PBXGroup;
			children = (
				70823364250DB77600370066 /* CatalogZurichUITests.swift */,
				70823366250DB77600370066 /* Info.plist */,
			);
			path = CatalogZurichUITests;
			sourceTree = "<group>";
		};
		7082338D250DBD2900370066 /* ModelAndJSON */ = {
			isa = PBXGroup;
			children = (
				708233C6250DD14E00370066 /* Model.swift */,
				70823389250DBCD400370066 /* 12345.json */,
				70823385250DBCC500370066 /* 6789.json */,
				7082337D250DBCA900370066 /* a567.json */,
				70823375250DB96C00370066 /* Raffina.ttf */,
			);
			path = ModelAndJSON;
			sourceTree = "<group>";
		};
		70823391250DCDD700370066 /* Zurich */ = {
			isa = PBXGroup;
			children = (
				708233B6250DD0C000370066 /* Tab10DozaNew.swift */,
				708233B7250DD0C100370066 /* Tab10List00.swift */,
				708233B9250DD0C100370066 /* Tab10SheetOnButton.swift */,
				708233B8250DD0C100370066 /* Tab10ZStackSheet.swift */,
				70823399250DD0AF00370066 /* Tab10Button.swift */,
				70823396250DD0AF00370066 /* Tab10Card.swift */,
				7082339B250DD0AF00370066 /* Tab10CardCalculator.swift */,
				7082339A250DD0AF00370066 /* Tab10Doza.swift */,
				7082339C250DD0B000370066 /* Tab10List01.swift */,
				7082339D250DD0B000370066 /* Tab10List02.swift */,
				70823397250DD0AF00370066 /* Tab10Pro.swift */,
				70823398250DD0AF00370066 /* Tab10Sheet.swift */,
				70823392250DD08C00370066 /* Tab10.swift */,
			);
			path = Zurich;
			sourceTree = "<group>";
		};
/* End PBXGroup section */

/* Begin PBXNativeTarget section */
		7082333B250DB76A00370066 /* CatalogZurich */ = {
			isa = PBXNativeTarget;
			buildConfigurationList = 70823369250DB77600370066 /* Build configuration list for PBXNativeTarget "CatalogZurich" */;
			buildPhases = (
				70823338250DB76A00370066 /* Sources */,
				70823339250DB76A00370066 /* Frameworks */,
				7082333A250DB76A00370066 /* Resources */,
			);
			buildRules = (
			);
			dependencies = (
			);
			name = CatalogZurich;
			packageProductDependencies = (
				70823373250DB93900370066 /* Lottie */,
			);
			productName = CatalogZurich;
			productReference = 7082333C250DB76A00370066 /* CatalogZurich.app */;
			productType = "com.apple.product-type.application";
		};
		70823354250DB77600370066 /* CatalogZurichTests */ = {
			isa = PBXNativeTarget;
			buildConfigurationList = 7082336C250DB77600370066 /* Build configuration list for PBXNativeTarget "CatalogZurichTests" */;
			buildPhases = (
				70823351250DB77600370066 /* Sources */,
				70823352250DB77600370066 /* Frameworks */,
				70823353250DB77600370066 /* Resources */,
			);
			buildRules = (
			);
			dependencies = (
				70823357250DB77600370066 /* PBXTargetDependency */,
			);
			name = CatalogZurichTests;
			productName = CatalogZurichTests;
			productReference = 70823355250DB77600370066 /* CatalogZurichTests.xctest */;
			productType = "com.apple.product-type.bundle.unit-test";
		};
		7082335F250DB77600370066 /* CatalogZurichUITests */ = {
			isa = PBXNativeTarget;
			buildConfigurationList = 7082336F250DB77600370066 /* Build configuration list for PBXNativeTarget "CatalogZurichUITests" */;
			buildPhases = (
				7082335C250DB77600370066 /* Sources */,
				7082335D250DB77600370066 /* Frameworks */,
				7082335E250DB77600370066 /* Resources */,
			);
			buildRules = (
			);
			dependencies = (
				70823362250DB77600370066 /* PBXTargetDependency */,
			);
			name = CatalogZurichUITests;
			productName = CatalogZurichUITests;
			productReference = 70823360250DB77600370066 /* CatalogZurichUITests.xctest */;
			productType = "com.apple.product-type.bundle.ui-testing";
		};
/* End PBXNativeTarget section */

/* Begin PBXProject section */
		70823334250DB76A00370066 /* Project object */ = {
			isa = PBXProject;
			attributes = {
				LastSwiftUpdateCheck = 1170;
				LastUpgradeCheck = 1170;
				ORGANIZATIONNAME = "Ivan Dosev Dimitrov";
				TargetAttributes = {
					7082333B250DB76A00370066 = {
						CreatedOnToolsVersion = 11.7;
					};
					70823354250DB77600370066 = {
						CreatedOnToolsVersion = 11.7;
						TestTargetID = 7082333B250DB76A00370066;
					};
					7082335F250DB77600370066 = {
						CreatedOnToolsVersion = 11.7;
						TestTargetID = 7082333B250DB76A00370066;
					};
				};
			};
			buildConfigurationList = 70823337250DB76A00370066 /* Build configuration list for PBXProject "CatalogZurich" */;
			compatibilityVersion = "Xcode 9.3";
			developmentRegion = en;
			hasScannedForEncodings = 0;
			knownRegions = (
				en,
				Base,
			);
			mainGroup = 70823333250DB76A00370066;
			packageReferences = (
				70823372250DB93900370066 /* XCRemoteSwiftPackageReference "lottie-ios" */,
			);
			productRefGroup = 7082333D250DB76A00370066 /* Products */;
			projectDirPath = "";
			projectRoot = "";
			targets = (
				7082333B250DB76A00370066 /* CatalogZurich */,
				70823354250DB77600370066 /* CatalogZurichTests */,
				7082335F250DB77600370066 /* CatalogZurichUITests */,
			);
		};
/* End PBXProject section */

/* Begin PBXResourcesBuildPhase section */
		7082333A250DB76A00370066 /* Resources */ = {
			isa = PBXResourcesBuildPhase;
			buildActionMask = 2147483647;
			files = (
				7082338A250DBCD400370066 /* 12345.json in Resources */,
				70823386250DBCC500370066 /* 6789.json in Resources */,
				7082334F250DB77500370066 /* LaunchScreen.storyboard in Resources */,
				7082334C250DB77500370066 /* Preview Assets.xcassets in Resources */,
				70823376250DB96C00370066 /* Raffina.ttf in Resources */,
				70823349250DB77500370066 /* Assets.xcassets in Resources */,
				7082337E250DBCAA00370066 /* a567.json in Resources */,
			);
			runOnlyForDeploymentPostprocessing = 0;
		};
		70823353250DB77600370066 /* Resources */ = {
			isa = PBXResourcesBuildPhase;
			buildActionMask = 2147483647;
			files = (
				7082338B250DBCD400370066 /* 12345.json in Resources */,
				7082337F250DBCAA00370066 /* a567.json in Resources */,
				70823377250DB96C00370066 /* Raffina.ttf in Resources */,
				70823387250DBCC500370066 /* 6789.json in Resources */,
			);
			runOnlyForDeploymentPostprocessing = 0;
		};
		7082335E250DB77600370066 /* Resources */ = {
			isa = PBXResourcesBuildPhase;
			buildActionMask = 2147483647;
			files = (
				7082338C250DBCD400370066 /* 12345.json in Resources */,
				70823380250DBCAA00370066 /* a567.json in Resources */,
				70823378250DB96C00370066 /* Raffina.ttf in Resources */,
				70823388250DBCC500370066 /* 6789.json in Resources */,
			);
			runOnlyForDeploymentPostprocessing = 0;
		};
/* End PBXResourcesBuildPhase section */

/* Begin PBXSourcesBuildPhase section */
		70823338250DB76A00370066 /* Sources */ = {
			isa = PBXSourcesBuildPhase;
			buildActionMask = 2147483647;
			files = (
				708233BD250DD0C100370066 /* Tab10List00.swift in Sources */,
				708233C3250DD0C100370066 /* Tab10SheetOnButton.swift in Sources */,
				708233AD250DD0B000370066 /* Tab10CardCalculator.swift in Sources */,
				708233A4250DD0B000370066 /* Tab10Sheet.swift in Sources */,
				70823393250DD08D00370066 /* Tab10.swift in Sources */,
				708233B0250DD0B000370066 /* Tab10List01.swift in Sources */,
				70823340250DB76A00370066 /* AppDelegate.swift in Sources */,
				708233C0250DD0C100370066 /* Tab10ZStackSheet.swift in Sources */,
				708233A1250DD0B000370066 /* Tab10Pro.swift in Sources */,
				708233BA250DD0C100370066 /* Tab10DozaNew.swift in Sources */,
				70823345250DB76A00370066 /* CatalogZurich.xcdatamodeld in Sources */,
				7082337A250DBB6400370066 /* LottieDosi.swift in Sources */,
				708233B3250DD0B000370066 /* Tab10List02.swift in Sources */,
				70823347250DB76A00370066 /* ContentView.swift in Sources */,
				7082339E250DD0B000370066 /* Tab10Card.swift in Sources */,
				708233A7250DD0B000370066 /* Tab10Button.swift in Sources */,
				708233C7250DD14E00370066 /* Model.swift in Sources */,
				70823342250DB76A00370066 /* SceneDelegate.swift in Sources */,
				708233AA250DD0B000370066 /* Tab10Doza.swift in Sources */,
			);
			runOnlyForDeploymentPostprocessing = 0;
		};
		70823351250DB77600370066 /* Sources */ = {
			isa = PBXSourcesBuildPhase;
			buildActionMask = 2147483647;
			files = (
				708233AB250DD0B000370066 /* Tab10Doza.swift in Sources */,
				708233B1250DD0B000370066 /* Tab10List01.swift in Sources */,
				708233A5250DD0B000370066 /* Tab10Sheet.swift in Sources */,
				7082339F250DD0B000370066 /* Tab10Card.swift in Sources */,
				708233C4250DD0C100370066 /* Tab10SheetOnButton.swift in Sources */,
				708233C1250DD0C100370066 /* Tab10ZStackSheet.swift in Sources */,
				708233BE250DD0C100370066 /* Tab10List00.swift in Sources */,
				708233C8250DD14E00370066 /* Model.swift in Sources */,
				708233AE250DD0B000370066 /* Tab10CardCalculator.swift in Sources */,
				70823394250DD08D00370066 /* Tab10.swift in Sources */,
				7082335A250DB77600370066 /* CatalogZurichTests.swift in Sources */,
				7082337B250DBB6400370066 /* LottieDosi.swift in Sources */,
				708233B4250DD0B000370066 /* Tab10List02.swift in Sources */,
				708233BB250DD0C100370066 /* Tab10DozaNew.swift in Sources */,
				708233A2250DD0B000370066 /* Tab10Pro.swift in Sources */,
				708233A8250DD0B000370066 /* Tab10Button.swift in Sources */,
			);
			runOnlyForDeploymentPostprocessing = 0;
		};
		7082335C250DB77600370066 /* Sources */ = {
			isa = PBXSourcesBuildPhase;
			buildActionMask = 2147483647;
			files = (
				708233AC250DD0B000370066 /* Tab10Doza.swift in Sources */,
				708233B2250DD0B000370066 /* Tab10List01.swift in Sources */,
				708233A6250DD0B000370066 /* Tab10Sheet.swift in Sources */,
				708233A0250DD0B000370066 /* Tab10Card.swift in Sources */,
				708233C5250DD0C100370066 /* Tab10SheetOnButton.swift in Sources */,
				708233C2250DD0C100370066 /* Tab10ZStackSheet.swift in Sources */,
				708233BF250DD0C100370066 /* Tab10List00.swift in Sources */,
				708233C9250DD14E00370066 /* Model.swift in Sources */,
				708233AF250DD0B000370066 /* Tab10CardCalculator.swift in Sources */,
				70823395250DD08D00370066 /* Tab10.swift in Sources */,
				70823365250DB77600370066 /* CatalogZurichUITests.swift in Sources */,
				7082337C250DBB6400370066 /* LottieDosi.swift in Sources */,
				708233B5250DD0B000370066 /* Tab10List02.swift in Sources */,
				708233BC250DD0C100370066 /* Tab10DozaNew.swift in Sources */,
				708233A3250DD0B000370066 /* Tab10Pro.swift in Sources */,
				708233A9250DD0B000370066 /* Tab10Button.swift in Sources */,
			);
			runOnlyForDeploymentPostprocessing = 0;
		};
/* End PBXSourcesBuildPhase section */

/* Begin PBXTargetDependency section */
		70823357250DB77600370066 /* PBXTargetDependency */ = {
			isa = PBXTargetDependency;
			target = 7082333B250DB76A00370066 /* CatalogZurich */;
			targetProxy = 70823356250DB77600370066 /* PBXContainerItemProxy */;
		};
		70823362250DB77600370066 /* PBXTargetDependency */ = {
			isa = PBXTargetDependency;
			target = 7082333B250DB76A00370066 /* CatalogZurich */;
			targetProxy = 70823361250DB77600370066 /* PBXContainerItemProxy */;
		};
/* End PBXTargetDependency section */

/* Begin PBXVariantGroup section */
		7082334D250DB77500370066 /* LaunchScreen.storyboard */ = {
			isa = PBXVariantGroup;
			children = (
				7082334E250DB77500370066 /* Base */,
			);
			name = LaunchScreen.storyboard;
			sourceTree = "<group>";
		};
/* End PBXVariantGroup section */

/* Begin XCBuildConfiguration section */
		70823367250DB77600370066 /* Debug */ = {
			isa = XCBuildConfiguration;
			buildSettings = {
				ALWAYS_SEARCH_USER_PATHS = NO;
				CLANG_ANALYZER_NONNULL = YES;
				CLANG_ANALYZER_NUMBER_OBJECT_CONVERSION = YES_AGGRESSIVE;
				CLANG_CXX_LANGUAGE_STANDARD = "gnu++14";
				CLANG_CXX_LIBRARY = "libc++";
				CLANG_ENABLE_MODULES = YES;
				CLANG_ENABLE_OBJC_ARC = YES;
				CLANG_ENABLE_OBJC_WEAK = YES;
				CLANG_WARN_BLOCK_CAPTURE_AUTORELEASING = YES;
				CLANG_WARN_BOOL_CONVERSION = YES;
				CLANG_WARN_COMMA = YES;
				CLANG_WARN_CONSTANT_CONVERSION = YES;
				CLANG_WARN_DEPRECATED_OBJC_IMPLEMENTATIONS = YES;
				CLANG_WARN_DIRECT_OBJC_ISA_USAGE = YES_ERROR;
				CLANG_WARN_DOCUMENTATION_COMMENTS = YES;
				CLANG_WARN_EMPTY_BODY = YES;
				CLANG_WARN_ENUM_CONVERSION = YES;
				CLANG_WARN_INFINITE_RECURSION = YES;
				CLANG_WARN_INT_CONVERSION = YES;
				CLANG_WARN_NON_LITERAL_NULL_CONVERSION = YES;
				CLANG_WARN_OBJC_IMPLICIT_RETAIN_SELF = YES;
				CLANG_WARN_OBJC_LITERAL_CONVERSION = YES;
				CLANG_WARN_OBJC_ROOT_CLASS = YES_ERROR;
				CLANG_WARN_RANGE_LOOP_ANALYSIS = YES;
				CLANG_WARN_STRICT_PROTOTYPES = YES;
				CLANG_WARN_SUSPICIOUS_MOVE = YES;
				CLANG_WARN_UNGUARDED_AVAILABILITY = YES_AGGRESSIVE;
				CLANG_WARN_UNREACHABLE_CODE = YES;
				CLANG_WARN__DUPLICATE_METHOD_MATCH = YES;
				COPY_PHASE_STRIP = NO;
				DEBUG_INFORMATION_FORMAT = dwarf;
				ENABLE_STRICT_OBJC_MSGSEND = YES;
				ENABLE_TESTABILITY = YES;
				GCC_C_LANGUAGE_STANDARD = gnu11;
				GCC_DYNAMIC_NO_PIC = NO;
				GCC_NO_COMMON_BLOCKS = YES;
				GCC_OPTIMIZATION_LEVEL = 0;
				GCC_PREPROCESSOR_DEFINITIONS = (
					"DEBUG=1",
					"$(inherited)",
				);
				GCC_WARN_64_TO_32_BIT_CONVERSION = YES;
				GCC_WARN_ABOUT_RETURN_TYPE = YES_ERROR;
				GCC_WARN_UNDECLARED_SELECTOR = YES;
				GCC_WARN_UNINITIALIZED_AUTOS = YES_AGGRESSIVE;
				GCC_WARN_UNUSED_FUNCTION = YES;
				GCC_WARN_UNUSED_VARIABLE = YES;
				IPHONEOS_DEPLOYMENT_TARGET = 13.7;
				MTL_ENABLE_DEBUG_INFO = INCLUDE_SOURCE;
				MTL_FAST_MATH = YES;
				ONLY_ACTIVE_ARCH = YES;
				SDKROOT = iphoneos;
				SWIFT_ACTIVE_COMPILATION_CONDITIONS = DEBUG;
				SWIFT_OPTIMIZATION_LEVEL = "-Onone";
			};
			name = Debug;
		};
		70823368250DB77600370066 /* Release */ = {
			isa = XCBuildConfiguration;
			buildSettings = {
				ALWAYS_SEARCH_USER_PATHS = NO;
				CLANG_ANALYZER_NONNULL = YES;
				CLANG_ANALYZER_NUMBER_OBJECT_CONVERSION = YES_AGGRESSIVE;
				CLANG_CXX_LANGUAGE_STANDARD = "gnu++14";
				CLANG_CXX_LIBRARY = "libc++";
				CLANG_ENABLE_MODULES = YES;
				CLANG_ENABLE_OBJC_ARC = YES;
				CLANG_ENABLE_OBJC_WEAK = YES;
				CLANG_WARN_BLOCK_CAPTURE_AUTORELEASING = YES;
				CLANG_WARN_BOOL_CONVERSION = YES;
				CLANG_WARN_COMMA = YES;
				CLANG_WARN_CONSTANT_CONVERSION = YES;
				CLANG_WARN_DEPRECATED_OBJC_IMPLEMENTATIONS = YES;
				CLANG_WARN_DIRECT_OBJC_ISA_USAGE = YES_ERROR;
				CLANG_WARN_DOCUMENTATION_COMMENTS = YES;
				CLANG_WARN_EMPTY_BODY = YES;
				CLANG_WARN_ENUM_CONVERSION = YES;
				CLANG_WARN_INFINITE_RECURSION = YES;
				CLANG_WARN_INT_CONVERSION = YES;
				CLANG_WARN_NON_LITERAL_NULL_CONVERSION = YES;
				CLANG_WARN_OBJC_IMPLICIT_RETAIN_SELF = YES;
				CLANG_WARN_OBJC_LITERAL_CONVERSION = YES;
				CLANG_WARN_OBJC_ROOT_CLASS = YES_ERROR;
				CLANG_WARN_RANGE_LOOP_ANALYSIS = YES;
				CLANG_WARN_STRICT_PROTOTYPES = YES;
				CLANG_WARN_SUSPICIOUS_MOVE = YES;
				CLANG_WARN_UNGUARDED_AVAILABILITY = YES_AGGRESSIVE;
				CLANG_WARN_UNREACHABLE_CODE = YES;
				CLANG_WARN__DUPLICATE_METHOD_MATCH = YES;
				COPY_PHASE_STRIP = NO;
				DEBUG_INFORMATION_FORMAT = "dwarf-with-dsym";
				ENABLE_NS_ASSERTIONS = NO;
				ENABLE_STRICT_OBJC_MSGSEND = YES;
				GCC_C_LANGUAGE_STANDARD = gnu11;
				GCC_NO_COMMON_BLOCKS = YES;
				GCC_WARN_64_TO_32_BIT_CONVERSION = YES;
				GCC_WARN_ABOUT_RETURN_TYPE = YES_ERROR;
				GCC_WARN_UNDECLARED_SELECTOR = YES;
				GCC_WARN_UNINITIALIZED_AUTOS = YES_AGGRESSIVE;
				GCC_WARN_UNUSED_FUNCTION = YES;
				GCC_WARN_UNUSED_VARIABLE = YES;
				IPHONEOS_DEPLOYMENT_TARGET = 13.7;
				MTL_ENABLE_DEBUG_INFO = NO;
				MTL_FAST_MATH = YES;
				SDKROOT = iphoneos;
				SWIFT_COMPILATION_MODE = wholemodule;
				SWIFT_OPTIMIZATION_LEVEL = "-O";
				VALIDATE_PRODUCT = YES;
			};
			name = Release;
		};
		7082336A250DB77600370066 /* Debug */ = {
			isa = XCBuildConfiguration;
			buildSettings = {
				ASSETCATALOG_COMPILER_APPICON_NAME = AppIcon;
				CODE_SIGN_STYLE = Automatic;
				DEVELOPMENT_ASSET_PATHS = "\"CatalogZurich/Preview Content\"";
				DEVELOPMENT_TEAM = 2FYTR3E5Q9;
				ENABLE_PREVIEWS = YES;
				INFOPLIST_FILE = CatalogZurich/Info.plist;
				IPHONEOS_DEPLOYMENT_TARGET = 14.1;
				LD_RUNPATH_SEARCH_PATHS = (
					"$(inherited)",
					"@executable_path/Frameworks",
				);
				PRODUCT_BUNDLE_IDENTIFIER = com.IVANDOSEV.CatalogZurich;
				PRODUCT_NAME = "$(TARGET_NAME)";
				SWIFT_VERSION = 5.0;
				TARGETED_DEVICE_FAMILY = "1,2";
			};
			name = Debug;
		};
		7082336B250DB77600370066 /* Release */ = {
			isa = XCBuildConfiguration;
			buildSettings = {
				ASSETCATALOG_COMPILER_APPICON_NAME = AppIcon;
				CODE_SIGN_STYLE = Automatic;
				DEVELOPMENT_ASSET_PATHS = "\"CatalogZurich/Preview Content\"";
				DEVELOPMENT_TEAM = 2FYTR3E5Q9;
				ENABLE_PREVIEWS = YES;
				INFOPLIST_FILE = CatalogZurich/Info.plist;
				IPHONEOS_DEPLOYMENT_TARGET = 14.1;
				LD_RUNPATH_SEARCH_PATHS = (
					"$(inherited)",
					"@executable_path/Frameworks",
				);
				PRODUCT_BUNDLE_IDENTIFIER = com.IVANDOSEV.CatalogZurich;
				PRODUCT_NAME = "$(TARGET_NAME)";
				SWIFT_VERSION = 5.0;
				TARGETED_DEVICE_FAMILY = "1,2";
			};
			name = Release;
		};
		7082336D250DB77600370066 /* Debug */ = {
			isa = XCBuildConfiguration;
			buildSettings = {
				ALWAYS_EMBED_SWIFT_STANDARD_LIBRARIES = YES;
				BUNDLE_LOADER = "$(TEST_HOST)";
				CODE_SIGN_STYLE = Automatic;
				DEVELOPMENT_TEAM = SQ8666S5KW;
				INFOPLIST_FILE = CatalogZurichTests/Info.plist;
				IPHONEOS_DEPLOYMENT_TARGET = 13.7;
				LD_RUNPATH_SEARCH_PATHS = (
					"$(inherited)",
					"@executable_path/Frameworks",
					"@loader_path/Frameworks",
				);
				PRODUCT_BUNDLE_IDENTIFIER = com.IVANDOSEV.CatalogZurichTests;
				PRODUCT_NAME = "$(TARGET_NAME)";
				SWIFT_VERSION = 5.0;
				TARGETED_DEVICE_FAMILY = "1,2";
				TEST_HOST = "$(BUILT_PRODUCTS_DIR)/CatalogZurich.app/CatalogZurich";
			};
			name = Debug;
		};
		7082336E250DB77600370066 /* Release */ = {
			isa = XCBuildConfiguration;
			buildSettings = {
				ALWAYS_EMBED_SWIFT_STANDARD_LIBRARIES = YES;
				BUNDLE_LOADER = "$(TEST_HOST)";
				CODE_SIGN_STYLE = Automatic;
				DEVELOPMENT_TEAM = SQ8666S5KW;
				INFOPLIST_FILE = CatalogZurichTests/Info.plist;
				IPHONEOS_DEPLOYMENT_TARGET = 13.7;
				LD_RUNPATH_SEARCH_PATHS = (
					"$(inherited)",
					"@executable_path/Frameworks",
					"@loader_path/Frameworks",
				);
				PRODUCT_BUNDLE_IDENTIFIER = com.IVANDOSEV.CatalogZurichTests;
				PRODUCT_NAME = "$(TARGET_NAME)";
				SWIFT_VERSION = 5.0;
				TARGETED_DEVICE_FAMILY = "1,2";
				TEST_HOST = "$(BUILT_PRODUCTS_DIR)/CatalogZurich.app/CatalogZurich";
			};
			name = Release;
		};
		70823370250DB77600370066 /* Debug */ = {
			isa = XCBuildConfiguration;
			buildSettings = {
				ALWAYS_EMBED_SWIFT_STANDARD_LIBRARIES = YES;
				CODE_SIGN_STYLE = Automatic;
				DEVELOPMENT_TEAM = SQ8666S5KW;
				INFOPLIST_FILE = CatalogZurichUITests/Info.plist;
				LD_RUNPATH_SEARCH_PATHS = (
					"$(inherited)",
					"@executable_path/Frameworks",
					"@loader_path/Frameworks",
				);
				PRODUCT_BUNDLE_IDENTIFIER = com.IVANDOSEV.CatalogZurichUITests;
				PRODUCT_NAME = "$(TARGET_NAME)";
				SWIFT_VERSION = 5.0;
				TARGETED_DEVICE_FAMILY = "1,2";
				TEST_TARGET_NAME = CatalogZurich;
			};
			name = Debug;
		};
		70823371250DB77600370066 /* Release */ = {
			isa = XCBuildConfiguration;
			buildSettings = {
				ALWAYS_EMBED_SWIFT_STANDARD_LIBRARIES = YES;
				CODE_SIGN_STYLE = Automatic;
				DEVELOPMENT_TEAM = SQ8666S5KW;
				INFOPLIST_FILE = CatalogZurichUITests/Info.plist;
				LD_RUNPATH_SEARCH_PATHS = (
					"$(inherited)",
					"@executable_path/Frameworks",
					"@loader_path/Frameworks",
				);
				PRODUCT_BUNDLE_IDENTIFIER = com.IVANDOSEV.CatalogZurichUITests;
				PRODUCT_NAME = "$(TARGET_NAME)";
				SWIFT_VERSION = 5.0;
				TARGETED_DEVICE_FAMILY = "1,2";
				TEST_TARGET_NAME = CatalogZurich;
			};
			name = Release;
		};
/* End XCBuildConfiguration section */

/* Begin XCConfigurationList section */
		70823337250DB76A00370066 /* Build configuration list for PBXProject "CatalogZurich" */ = {
			isa = XCConfigurationList;
			buildConfigurations = (
				70823367250DB77600370066 /* Debug */,
				70823368250DB77600370066 /* Release */,
			);
			defaultConfigurationIsVisible = 0;
			defaultConfigurationName = Release;
		};
		70823369250DB77600370066 /* Build configuration list for PBXNativeTarget "CatalogZurich" */ = {
			isa = XCConfigurationList;
			buildConfigurations = (
				7082336A250DB77600370066 /* Debug */,
				7082336B250DB77600370066 /* Release */,
			);
			defaultConfigurationIsVisible = 0;
			defaultConfigurationName = Release;
		};
		7082336C250DB77600370066 /* Build configuration list for PBXNativeTarget "CatalogZurichTests" */ = {
			isa = XCConfigurationList;
			buildConfigurations = (
				7082336D250DB77600370066 /* Debug */,
				7082336E250DB77600370066 /* Release */,
			);
			defaultConfigurationIsVisible = 0;
			defaultConfigurationName = Release;
		};
		7082336F250DB77600370066 /* Build configuration list for PBXNativeTarget "CatalogZurichUITests" */ = {
			isa = XCConfigurationList;
			buildConfigurations = (
				70823370250DB77600370066 /* Debug */,
				70823371250DB77600370066 /* Release */,
			);
			defaultConfigurationIsVisible = 0;
			defaultConfigurationName = Release;
		};
/* End XCConfigurationList section */

/* Begin XCRemoteSwiftPackageReference section */
		70823372250DB93900370066 /* XCRemoteSwiftPackageReference "lottie-ios" */ = {
			isa = XCRemoteSwiftPackageReference;
			repositoryURL = "https://github.com/airbnb/lottie-ios.git";
			requirement = {
				kind = upToNextMajorVersion;
				minimumVersion = 3.1.8;
			};
		};
/* End XCRemoteSwiftPackageReference section */

/* Begin XCSwiftPackageProductDependency section */
		70823373250DB93900370066 /* Lottie */ = {
			isa = XCSwiftPackageProductDependency;
			package = 70823372250DB93900370066 /* XCRemoteSwiftPackageReference "lottie-ios" */;
			productName = Lottie;
		};
/* End XCSwiftPackageProductDependency section */

/* Begin XCVersionGroup section */
		70823343250DB76A00370066 /* CatalogZurich.xcdatamodeld */ = {
			isa = XCVersionGroup;
			children = (
				70823344250DB76A00370066 /* CatalogZurich.xcdatamodel */,
			);
			currentVersion = 70823344250DB76A00370066 /* CatalogZurich.xcdatamodel */;
			path = CatalogZurich.xcdatamodeld;
			sourceTree = "<group>";
			versionGroupType = wrapper.xcdatamodel;
		};
/* End XCVersionGroup section */
	};
	rootObject = 70823334250DB76A00370066 /* Project object */;
}
